
Microsoft Visual Studio Solution File, Format Version 12.00
# Visual Studio Version 17
VisualStudioVersion = 17.13.35919.96 d17.13
MinimumVisualStudioVersion = 10.0.40219.1
Project("{FAE04EC0-301F-11D3-BF4B-00C04F79EFBC}") = "PtProject", "PtProject\PtProject.csproj", "{B67CA7F3-FF72-4B31-8F2B-E5C27D4EED0C}"
EndProject
Project("{FAE04EC0-301F-11D3-BF4B-00C04F79EFBC}") = "PtProject.Tests", "PtProject.Tests\PtProject.Tests.csproj", "{8E8C9888-ECFA-40A7-8806-EB29BDC48E48}"
EndProject
Global
	GlobalSection(SolutionConfigurationPlatforms) = preSolution
		Debug|Any CPU = Debug|Any CPU
		Release|Any CPU = Release|Any CPU
	EndGlobalSection
	GlobalSection(ProjectConfigurationPlatforms) = postSolution
		{B67CA7F3-FF72-4B31-8F2B-E5C27D4EED0C}.Debug|Any CPU.ActiveCfg = Debug|Any CPU
		{B67CA7F3-FF72-4B31-8F2B-E5C27D4EED0C}.Debug|Any CPU.Build.0 = Debug|Any CPU
		{B67CA7F3-FF72-4B31-8F2B-E5C27D4EED0C}.Release|Any CPU.ActiveCfg = Release|Any CPU
		{B67CA7F3-FF72-4B31-8F2B-E5C27D4EED0C}.Release|Any CPU.Build.0 = Release|Any CPU
		{8E8C9888-ECFA-40A7-8806-EB29BDC48E48}.Debug|Any CPU.ActiveCfg = Debug|Any CPU
		{8E8C9888-ECFA-40A7-8806-EB29BDC48E48}.Debug|Any CPU.Build.0 = Debug|Any CPU
		{8E8C9888-ECFA-40A7-8806-EB29BDC48E48}.Release|Any CPU.ActiveCfg = Release|Any CPU
		{8E8C9888-ECFA-40A7-8806-EB29BDC48E48}.Release|Any CPU.Build.0 = Release|Any CPU
	EndGlobalSection
	GlobalSection(SolutionProperties) = preSolution
		HideSolutionNode = FALSE
	EndGlobalSection
	GlobalSection(ExtensibilityGlobals) = postSolution
		SolutionGuid = {C547F4F8-C3D7-458B-B1EF-EA270C6F4488}
	EndGlobalSection
EndGlobal
